
Microsoft Visual Studio Solution File, Format Version 12.00
# Visual Studio Version 16
VisualStudioVersion = 16.0.29215.179
MinimumVisualStudioVersion = 10.0.40219.1
Project("{FAE04EC0-301F-11D3-BF4B-00C04F79EFBC}") = "Multichat-client", "Multichat-client\Multichat-client.csproj", "{5F2D15A8-D730-4A55-A0E9-24C4BC713E85}"
EndProject
Global
	GlobalSection(SolutionConfigurationPlatforms) = preSolution
		Debug|Any CPU = Debug|Any CPU
		Release|Any CPU = Release|Any CPU
	EndGlobalSection
	GlobalSection(ProjectConfigurationPlatforms) = postSolution
		{5F2D15A8-D730-4A55-A0E9-24C4BC713E85}.Debug|Any CPU.ActiveCfg = Debug|Any CPU
		{5F2D15A8-D730-4A55-A0E9-24C4BC713E85}.Debug|Any CPU.Build.0 = Debug|Any CPU
		{5F2D15A8-D730-4A55-A0E9-24C4BC713E85}.Release|Any CPU.ActiveCfg = Release|Any CPU
		{5F2D15A8-D730-4A55-A0E9-24C4BC713E85}.Release|Any CPU.Build.0 = Release|Any CPU
	EndGlobalSection
	GlobalSection(SolutionProperties) = preSolution
		HideSolutionNode = FALSE
	EndGlobalSection
	GlobalSection(ExtensibilityGlobals) = postSolution
		SolutionGuid = {D5088133-B710-49DC-976B-EF98D6A244A8}
	EndGlobalSection
EndGlobal
